
Microsoft Visual Studio Solution File, Format Version 12.00
Project("{FAE04EC0-301F-11D3-BF4B-00C04F79EFBC}") = "SG.InterfaceExample.SourceGenerator", "SG.InterfaceExample.SourceGenerator\SG.InterfaceExample.SourceGenerator.csproj", "{41993597-792E-44F8-A11C-D85EB30E643A}"
EndProject
Project("{FAE04EC0-301F-11D3-BF4B-00C04F79EFBC}") = "SG.InterfaceExample.Tests", "SG.InterfaceExample.Tests\SG.InterfaceExample.Tests.csproj", "{1562ED8F-50F1-49D0-8AD3-449D7C788A3D}"
EndProject
Global
	GlobalSection(SolutionConfigurationPlatforms) = preSolution
		Debug|Any CPU = Debug|Any CPU
		Release|Any CPU = Release|Any CPU
	EndGlobalSection
	GlobalSection(ProjectConfigurationPlatforms) = postSolution
		{41993597-792E-44F8-A11C-D85EB30E643A}.Debug|Any CPU.ActiveCfg = Debug|Any CPU
		{41993597-792E-44F8-A11C-D85EB30E643A}.Debug|Any CPU.Build.0 = Debug|Any CPU
		{41993597-792E-44F8-A11C-D85EB30E643A}.Release|Any CPU.ActiveCfg = Release|Any CPU
		{41993597-792E-44F8-A11C-D85EB30E643A}.Release|Any CPU.Build.0 = Release|Any CPU
		{1562ED8F-50F1-49D0-8AD3-449D7C788A3D}.Debug|Any CPU.ActiveCfg = Debug|Any CPU
		{1562ED8F-50F1-49D0-8AD3-449D7C788A3D}.Debug|Any CPU.Build.0 = Debug|Any CPU
		{1562ED8F-50F1-49D0-8AD3-449D7C788A3D}.Release|Any CPU.ActiveCfg = Release|Any CPU
		{1562ED8F-50F1-49D0-8AD3-449D7C788A3D}.Release|Any CPU.Build.0 = Release|Any CPU
	EndGlobalSection
EndGlobal
